
Microsoft Visual Studio Solution File, Format Version 12.00
# Visual Studio Version 17
VisualStudioVersion = 17.1.32421.90
MinimumVisualStudioVersion = 10.0.40219.1
Project("{9A19103F-16F7-4668-BE54-9A1E7A4F7556}") = "KoniecToDo", "KoniecToDo\KoniecToDo.csproj", "{A39BE407-5B9C-45DA-B7C7-7F92E259171F}"
EndProject
Project("{9A19103F-16F7-4668-BE54-9A1E7A4F7556}") = "Shared", "Shared\Shared.csproj", "{25641AE8-22A9-47E0-91FD-3E0498AAD299}"
EndProject
Project("{9A19103F-16F7-4668-BE54-9A1E7A4F7556}") = "Domain", "Domain\Domain.csproj", "{428BD210-3C2A-4806-A7A4-E4B10CCF2450}"
EndProject
Project("{9A19103F-16F7-4668-BE54-9A1E7A4F7556}") = "Application", "Application\Application.csproj", "{5B2D60E5-2715-4C85-94AE-F2E4E4148265}"
EndProject
Project("{9A19103F-16F7-4668-BE54-9A1E7A4F7556}") = "Infrastructure", "Infrastructure\Infrastructure.csproj", "{FCA58A4E-054D-4C39-A0AD-351941D3D079}"
EndProject
Project("{9A19103F-16F7-4668-BE54-9A1E7A4F7556}") = "Persistance", "Persistance\Persistance.csproj", "{803A73B4-4F24-49AB-B161-5ACB529DEE97}"
EndProject
Project("{2150E333-8FDC-42A3-9474-1A3956D46DE8}") = "Core", "Core", "{9B3965AC-1227-4D77-80EC-F7D7F2939E33}"
EndProject
Project("{2150E333-8FDC-42A3-9474-1A3956D46DE8}") = "Infrastructure", "Infrastructure", "{4F49D1F5-A37B-410F-A1A7-208F97E0F548}"
EndProject
Project("{2150E333-8FDC-42A3-9474-1A3956D46DE8}") = "Presentation", "Presentation", "{447E7F50-07B1-4EEB-ACDF-863F5995846B}"
EndProject
Project("{2150E333-8FDC-42A3-9474-1A3956D46DE8}") = "Client", "Client", "{E02CC676-4627-41FB-9F53-DBD3E6F308CF}"
EndProject
Project("{2150E333-8FDC-42A3-9474-1A3956D46DE8}") = "Tests", "Tests", "{B515B715-FE72-44A7-ACC5-8D7788BB558F}"
EndProject
Project("{9A19103F-16F7-4668-BE54-9A1E7A4F7556}") = "Application.UnitTests", "Application.UnitTests\Application.UnitTests.csproj", "{687D4062-8A2F-4006-90A5-9359AD9159A9}"
EndProject
Project("{FAE04EC0-301F-11D3-BF4B-00C04F79EFBC}") = "KoniecToDoApp", "KoniecToDoApp\KoniecToDoApp.csproj", "{8D897523-564F-4653-8C1B-A0DACEAD4E75}"
EndProject
Global
	GlobalSection(SolutionConfigurationPlatforms) = preSolution
		Debug|Any CPU = Debug|Any CPU
		Release|Any CPU = Release|Any CPU
	EndGlobalSection
	GlobalSection(ProjectConfigurationPlatforms) = postSolution
		{A39BE407-5B9C-45DA-B7C7-7F92E259171F}.Debug|Any CPU.ActiveCfg = Debug|Any CPU
		{A39BE407-5B9C-45DA-B7C7-7F92E259171F}.Debug|Any CPU.Build.0 = Debug|Any CPU
		{A39BE407-5B9C-45DA-B7C7-7F92E259171F}.Release|Any CPU.ActiveCfg = Release|Any CPU
		{A39BE407-5B9C-45DA-B7C7-7F92E259171F}.Release|Any CPU.Build.0 = Release|Any CPU
		{25641AE8-22A9-47E0-91FD-3E0498AAD299}.Debug|Any CPU.ActiveCfg = Debug|Any CPU
		{25641AE8-22A9-47E0-91FD-3E0498AAD299}.Debug|Any CPU.Build.0 = Debug|Any CPU
		{25641AE8-22A9-47E0-91FD-3E0498AAD299}.Release|Any CPU.ActiveCfg = Release|Any CPU
		{25641AE8-22A9-47E0-91FD-3E0498AAD299}.Release|Any CPU.Build.0 = Release|Any CPU
		{428BD210-3C2A-4806-A7A4-E4B10CCF2450}.Debug|Any CPU.ActiveCfg = Debug|Any CPU
		{428BD210-3C2A-4806-A7A4-E4B10CCF2450}.Debug|Any CPU.Build.0 = Debug|Any CPU
		{428BD210-3C2A-4806-A7A4-E4B10CCF2450}.Release|Any CPU.ActiveCfg = Release|Any CPU
		{428BD210-3C2A-4806-A7A4-E4B10CCF2450}.Release|Any CPU.Build.0 = Release|Any CPU
		{5B2D60E5-2715-4C85-94AE-F2E4E4148265}.Debug|Any CPU.ActiveCfg = Debug|Any CPU
		{5B2D60E5-2715-4C85-94AE-F2E4E4148265}.Debug|Any CPU.Build.0 = Debug|Any CPU
		{5B2D60E5-2715-4C85-94AE-F2E4E4148265}.Release|Any CPU.ActiveCfg = Release|Any CPU
		{5B2D60E5-2715-4C85-94AE-F2E4E4148265}.Release|Any CPU.Build.0 = Release|Any CPU
		{FCA58A4E-054D-4C39-A0AD-351941D3D079}.Debug|Any CPU.ActiveCfg = Debug|Any CPU
		{FCA58A4E-054D-4C39-A0AD-351941D3D079}.Debug|Any CPU.Build.0 = Debug|Any CPU
		{FCA58A4E-054D-4C39-A0AD-351941D3D079}.Release|Any CPU.ActiveCfg = Release|Any CPU
		{FCA58A4E-054D-4C39-A0AD-351941D3D079}.Release|Any CPU.Build.0 = Release|Any CPU
		{803A73B4-4F24-49AB-B161-5ACB529DEE97}.Debug|Any CPU.ActiveCfg = Debug|Any CPU
		{803A73B4-4F24-49AB-B161-5ACB529DEE97}.Debug|Any CPU.Build.0 = Debug|Any CPU
		{803A73B4-4F24-49AB-B161-5ACB529DEE97}.Release|Any CPU.ActiveCfg = Release|Any CPU
		{803A73B4-4F24-49AB-B161-5ACB529DEE97}.Release|Any CPU.Build.0 = Release|Any CPU
		{687D4062-8A2F-4006-90A5-9359AD9159A9}.Debug|Any CPU.ActiveCfg = Debug|Any CPU
		{687D4062-8A2F-4006-90A5-9359AD9159A9}.Debug|Any CPU.Build.0 = Debug|Any CPU
		{687D4062-8A2F-4006-90A5-9359AD9159A9}.Release|Any CPU.ActiveCfg = Release|Any CPU
		{687D4062-8A2F-4006-90A5-9359AD9159A9}.Release|Any CPU.Build.0 = Release|Any CPU
		{8D897523-564F-4653-8C1B-A0DACEAD4E75}.Debug|Any CPU.ActiveCfg = Debug|Any CPU
		{8D897523-564F-4653-8C1B-A0DACEAD4E75}.Debug|Any CPU.Build.0 = Debug|Any CPU
		{8D897523-564F-4653-8C1B-A0DACEAD4E75}.Release|Any CPU.ActiveCfg = Release|Any CPU
		{8D897523-564F-4653-8C1B-A0DACEAD4E75}.Release|Any CPU.Build.0 = Release|Any CPU
	EndGlobalSection
	GlobalSection(SolutionProperties) = preSolution
		HideSolutionNode = FALSE
	EndGlobalSection
	GlobalSection(NestedProjects) = preSolution
		{A39BE407-5B9C-45DA-B7C7-7F92E259171F} = {447E7F50-07B1-4EEB-ACDF-863F5995846B}
		{25641AE8-22A9-47E0-91FD-3E0498AAD299} = {9B3965AC-1227-4D77-80EC-F7D7F2939E33}
		{428BD210-3C2A-4806-A7A4-E4B10CCF2450} = {9B3965AC-1227-4D77-80EC-F7D7F2939E33}
		{5B2D60E5-2715-4C85-94AE-F2E4E4148265} = {9B3965AC-1227-4D77-80EC-F7D7F2939E33}
		{FCA58A4E-054D-4C39-A0AD-351941D3D079} = {4F49D1F5-A37B-410F-A1A7-208F97E0F548}
		{803A73B4-4F24-49AB-B161-5ACB529DEE97} = {4F49D1F5-A37B-410F-A1A7-208F97E0F548}
		{687D4062-8A2F-4006-90A5-9359AD9159A9} = {B515B715-FE72-44A7-ACC5-8D7788BB558F}
		{8D897523-564F-4653-8C1B-A0DACEAD4E75} = {E02CC676-4627-41FB-9F53-DBD3E6F308CF}
	EndGlobalSection
	GlobalSection(ExtensibilityGlobals) = postSolution
		SolutionGuid = {C48A9603-639D-4BC3-831B-4A23E118121C}
	EndGlobalSection
EndGlobal
